# This file is automatically @generated by Cargo.
# It is not intended for manual editing.
[[package]]
name = "cc"
version = "1.0.60"
source = "registry+https://github.com/rust-lang/crates.io-index"
checksum = "ef611cc68ff783f18535d77ddd080185275713d852c4f5cbb6122c462a7a825c"

[[package]]
name = "syscalls"
version = "0.3.2"
source = "registry+https://github.com/rust-lang/crates.io-index"
checksum = "2a213194fab37b7d178a13535367096c97cc6c316df8b2f571a6089cbae2e124"
dependencies = [
 "cc",
]

[[package]]
name = "untitled7"
version = "0.1.0"
dependencies = [
 "syscalls",
]
